// !$*UTF8*$!
{
	archiveVersion = 1;
	classes = {
	};
	objectVersion = 48;
	objects = {

/* Begin PBXBuildFile section */
		1A5472B384A5E7DE4D4B475D /* Pods_Dapur_Coklat_Indosis.framework in Frameworks */ = {isa = PBXBuildFile; fileRef = 30C1AF171ED8CD6FA300F4B1 /* Pods_Dapur_Coklat_Indosis.framework */; };
		468C82EBACCF6A9D7A31C338 /* Pods_Dapur_Coklat_IndosisTests.framework in Frameworks */ = {isa = PBXBuildFile; fileRef = 94F65779465F09CF3B9F2C0A /* Pods_Dapur_Coklat_IndosisTests.framework */; };
		E408B694205D166F00E937E7 /* AppDelegate.swift in Sources */ = {isa = PBXBuildFile; fileRef = E408B693205D166F00E937E7 /* AppDelegate.swift */; };
		E408B696205D166F00E937E7 /* ViewController.swift in Sources */ = {isa = PBXBuildFile; fileRef = E408B695205D166F00E937E7 /* ViewController.swift */; };
		E408B699205D166F00E937E7 /* Main.storyboard in Resources */ = {isa = PBXBuildFile; fileRef = E408B697205D166F00E937E7 /* Main.storyboard */; };
		E408B69B205D166F00E937E7 /* Assets.xcassets in Resources */ = {isa = PBXBuildFile; fileRef = E408B69A205D166F00E937E7 /* Assets.xcassets */; };
		E408B69E205D166F00E937E7 /* LaunchScreen.storyboard in Resources */ = {isa = PBXBuildFile; fileRef = E408B69C205D166F00E937E7 /* LaunchScreen.storyboard */; };
		E408B6A9205D166F00E937E7 /* Dapur_Coklat_IndosisTests.swift in Sources */ = {isa = PBXBuildFile; fileRef = E408B6A8205D166F00E937E7 /* Dapur_Coklat_IndosisTests.swift */; };
		E4362468206085C000CF2AE7 /* SideMenuControllerViewController.swift in Sources */ = {isa = PBXBuildFile; fileRef = E4362467206085C000CF2AE7 /* SideMenuControllerViewController.swift */; };
		E436246A20608B7E00CF2AE7 /* UIImageView.swift in Sources */ = {isa = PBXBuildFile; fileRef = E436246920608B7E00CF2AE7 /* UIImageView.swift */; };
		E436246C2060903400CF2AE7 /* SideMenuTableViewCell.swift in Sources */ = {isa = PBXBuildFile; fileRef = E436246B2060903400CF2AE7 /* SideMenuTableViewCell.swift */; };
		E4952AE6205DAA6100622300 /* MainViewController.swift in Sources */ = {isa = PBXBuildFile; fileRef = E4952AE5205DAA6100622300 /* MainViewController.swift */; };
		E4AFEF83205D1C8A0066A58E /* APIManager.swift in Sources */ = {isa = PBXBuildFile; fileRef = E4AFEF82205D1C8A0066A58E /* APIManager.swift */; };
		E4FC565C205E27F1002732FC /* CakeCategoryTableViewCell.swift in Sources */ = {isa = PBXBuildFile; fileRef = E4FC565B205E27F1002732FC /* CakeCategoryTableViewCell.swift */; };
		E4FC565E205E2C75002732FC /* CakeCategoryTableViewController.swift in Sources */ = {isa = PBXBuildFile; fileRef = E4FC565D205E2C75002732FC /* CakeCategoryTableViewController.swift */; };
/* End PBXBuildFile section */

/* Begin PBXContainerItemProxy section */
		E408B6A5205D166F00E937E7 /* PBXContainerItemProxy */ = {
			isa = PBXContainerItemProxy;
			containerPortal = E408B688205D166F00E937E7 /* Project object */;
			proxyType = 1;
			remoteGlobalIDString = E408B68F205D166F00E937E7;
			remoteInfo = "Dapur Coklat Indosis";
		};
/* End PBXContainerItemProxy section */

/* Begin PBXFileReference section */
		070E5F7AECB35A9FA30E2CC1 /* Pods-Dapur Coklat Indosis.debug.xcconfig */ = {isa = PBXFileReference; includeInIndex = 1; lastKnownFileType = text.xcconfig; name = "Pods-Dapur Coklat Indosis.debug.xcconfig"; path = "Pods/Target Support Files/Pods-Dapur Coklat Indosis/Pods-Dapur Coklat Indosis.debug.xcconfig"; sourceTree = "<group>"; };
		28144E6AB109E83C58ED27D2 /* Pods-Dapur Coklat IndosisTests.release.xcconfig */ = {isa = PBXFileReference; includeInIndex = 1; lastKnownFileType = text.xcconfig; name = "Pods-Dapur Coklat IndosisTests.release.xcconfig"; path = "Pods/Target Support Files/Pods-Dapur Coklat IndosisTests/Pods-Dapur Coklat IndosisTests.release.xcconfig"; sourceTree = "<group>"; };
		30C1AF171ED8CD6FA300F4B1 /* Pods_Dapur_Coklat_Indosis.framework */ = {isa = PBXFileReference; explicitFileType = wrapper.framework; includeInIndex = 0; path = Pods_Dapur_Coklat_Indosis.framework; sourceTree = BUILT_PRODUCTS_DIR; };
		94F65779465F09CF3B9F2C0A /* Pods_Dapur_Coklat_IndosisTests.framework */ = {isa = PBXFileReference; explicitFileType = wrapper.framework; includeInIndex = 0; path = Pods_Dapur_Coklat_IndosisTests.framework; sourceTree = BUILT_PRODUCTS_DIR; };
		BF9C38C7DA7057AE841D17F5 /* Pods-Dapur Coklat Indosis.release.xcconfig */ = {isa = PBXFileReference; includeInIndex = 1; lastKnownFileType = text.xcconfig; name = "Pods-Dapur Coklat Indosis.release.xcconfig"; path = "Pods/Target Support Files/Pods-Dapur Coklat Indosis/Pods-Dapur Coklat Indosis.release.xcconfig"; sourceTree = "<group>"; };
		E408B690205D166F00E937E7 /* Dapur Coklat Indosis.app */ = {isa = PBXFileReference; explicitFileType = wrapper.application; includeInIndex = 0; path = "Dapur Coklat Indosis.app"; sourceTree = BUILT_PRODUCTS_DIR; };
		E408B693205D166F00E937E7 /* AppDelegate.swift */ = {isa = PBXFileReference; lastKnownFileType = sourcecode.swift; path = AppDelegate.swift; sourceTree = "<group>"; };
		E408B695205D166F00E937E7 /* ViewController.swift */ = {isa = PBXFileReference; lastKnownFileType = sourcecode.swift; path = ViewController.swift; sourceTree = "<group>"; };
		E408B698205D166F00E937E7 /* Base */ = {isa = PBXFileReference; lastKnownFileType = file.storyboard; name = Base; path = Base.lproj/Main.storyboard; sourceTree = "<group>"; };
		E408B69A205D166F00E937E7 /* Assets.xcassets */ = {isa = PBXFileReference; lastKnownFileType = folder.assetcatalog; path = Assets.xcassets; sourceTree = "<group>"; };
		E408B69D205D166F00E937E7 /* Base */ = {isa = PBXFileReference; lastKnownFileType = file.storyboard; name = Base; path = Base.lproj/LaunchScreen.storyboard; sourceTree = "<group>"; };
		E408B69F205D166F00E937E7 /* Info.plist */ = {isa = PBXFileReference; lastKnownFileType = text.plist.xml; path = Info.plist; sourceTree = "<group>"; };
		E408B6A4205D166F00E937E7 /* Dapur Coklat IndosisTests.xctest */ = {isa = PBXFileReference; explicitFileType = wrapper.cfbundle; includeInIndex = 0; path = "Dapur Coklat IndosisTests.xctest"; sourceTree = BUILT_PRODUCTS_DIR; };
		E408B6A8205D166F00E937E7 /* Dapur_Coklat_IndosisTests.swift */ = {isa = PBXFileReference; lastKnownFileType = sourcecode.swift; path = Dapur_Coklat_IndosisTests.swift; sourceTree = "<group>"; };
		E408B6AA205D166F00E937E7 /* Info.plist */ = {isa = PBXFileReference; lastKnownFileType = text.plist.xml; path = Info.plist; sourceTree = "<group>"; };
		E4362467206085C000CF2AE7 /* SideMenuControllerViewController.swift */ = {isa = PBXFileReference; lastKnownFileType = sourcecode.swift; path = SideMenuControllerViewController.swift; sourceTree = "<group>"; };
		E436246920608B7E00CF2AE7 /* UIImageView.swift */ = {isa = PBXFileReference; lastKnownFileType = sourcecode.swift; path = UIImageView.swift; sourceTree = "<group>"; };
		E436246B2060903400CF2AE7 /* SideMenuTableViewCell.swift */ = {isa = PBXFileReference; lastKnownFileType = sourcecode.swift; path = SideMenuTableViewCell.swift; sourceTree = "<group>"; };
		E4952AE5205DAA6100622300 /* MainViewController.swift */ = {isa = PBXFileReference; lastKnownFileType = sourcecode.swift; path = MainViewController.swift; sourceTree = "<group>"; };
		E4AFEF82205D1C8A0066A58E /* APIManager.swift */ = {isa = PBXFileReference; lastKnownFileType = sourcecode.swift; path = APIManager.swift; sourceTree = "<group>"; };
		E4FC565B205E27F1002732FC /* CakeCategoryTableViewCell.swift */ = {isa = PBXFileReference; lastKnownFileType = sourcecode.swift; path = CakeCategoryTableViewCell.swift; sourceTree = "<group>"; };
		E4FC565D205E2C75002732FC /* CakeCategoryTableViewController.swift */ = {isa = PBXFileReference; lastKnownFileType = sourcecode.swift; path = CakeCategoryTableViewController.swift; sourceTree = "<group>"; };
		F433A4B4BE4FF76C5758AD31 /* Pods-Dapur Coklat IndosisTests.debug.xcconfig */ = {isa = PBXFileReference; includeInIndex = 1; lastKnownFileType = text.xcconfig; name = "Pods-Dapur Coklat IndosisTests.debug.xcconfig"; path = "Pods/Target Support Files/Pods-Dapur Coklat IndosisTests/Pods-Dapur Coklat IndosisTests.debug.xcconfig"; sourceTree = "<group>"; };
/* End PBXFileReference section */

/* Begin PBXFrameworksBuildPhase section */
		E408B68D205D166F00E937E7 /* Frameworks */ = {
			isa = PBXFrameworksBuildPhase;
			buildActionMask = 2147483647;
			files = (
				1A5472B384A5E7DE4D4B475D /* Pods_Dapur_Coklat_Indosis.framework in Frameworks */,
			);
			runOnlyForDeploymentPostprocessing = 0;
		};
		E408B6A1205D166F00E937E7 /* Frameworks */ = {
			isa = PBXFrameworksBuildPhase;
			buildActionMask = 2147483647;
			files = (
				468C82EBACCF6A9D7A31C338 /* Pods_Dapur_Coklat_IndosisTests.framework in Frameworks */,
			);
			runOnlyForDeploymentPostprocessing = 0;
		};
/* End PBXFrameworksBuildPhase section */

/* Begin PBXGroup section */
		13F24AFA9B4A2BC2FCC44204 /* Frameworks */ = {
			isa = PBXGroup;
			children = (
				30C1AF171ED8CD6FA300F4B1 /* Pods_Dapur_Coklat_Indosis.framework */,
				94F65779465F09CF3B9F2C0A /* Pods_Dapur_Coklat_IndosisTests.framework */,
			);
			name = Frameworks;
			sourceTree = "<group>";
		};
		AC921089EBDB7728A59FFBFD /* Pods */ = {
			isa = PBXGroup;
			children = (
				070E5F7AECB35A9FA30E2CC1 /* Pods-Dapur Coklat Indosis.debug.xcconfig */,
				BF9C38C7DA7057AE841D17F5 /* Pods-Dapur Coklat Indosis.release.xcconfig */,
				F433A4B4BE4FF76C5758AD31 /* Pods-Dapur Coklat IndosisTests.debug.xcconfig */,
				28144E6AB109E83C58ED27D2 /* Pods-Dapur Coklat IndosisTests.release.xcconfig */,
			);
			name = Pods;
			sourceTree = "<group>";
		};
		E408B687205D166F00E937E7 = {
			isa = PBXGroup;
			children = (
				E408B692205D166F00E937E7 /* Dapur Coklat Indosis */,
				E408B6A7205D166F00E937E7 /* Dapur Coklat IndosisTests */,
				E408B691205D166F00E937E7 /* Products */,
				AC921089EBDB7728A59FFBFD /* Pods */,
				13F24AFA9B4A2BC2FCC44204 /* Frameworks */,
			);
			sourceTree = "<group>";
		};
		E408B691205D166F00E937E7 /* Products */ = {
			isa = PBXGroup;
			children = (
				E408B690205D166F00E937E7 /* Dapur Coklat Indosis.app */,
				E408B6A4205D166F00E937E7 /* Dapur Coklat IndosisTests.xctest */,
			);
			name = Products;
			sourceTree = "<group>";
		};
		E408B692205D166F00E937E7 /* Dapur Coklat Indosis */ = {
			isa = PBXGroup;
			children = (
				E4AFEF82205D1C8A0066A58E /* APIManager.swift */,
				E408B693205D166F00E937E7 /* AppDelegate.swift */,
				E4FC565B205E27F1002732FC /* CakeCategoryTableViewCell.swift */,
				E408B695205D166F00E937E7 /* ViewController.swift */,
				E4362467206085C000CF2AE7 /* SideMenuControllerViewController.swift */,
				E436246B2060903400CF2AE7 /* SideMenuTableViewCell.swift */,
				E4952AE5205DAA6100622300 /* MainViewController.swift */,
				E436246920608B7E00CF2AE7 /* UIImageView.swift */,
				E4FC565D205E2C75002732FC /* CakeCategoryTableViewController.swift */,
				E408B697205D166F00E937E7 /* Main.storyboard */,
				E408B69A205D166F00E937E7 /* Assets.xcassets */,
				E408B69C205D166F00E937E7 /* LaunchScreen.storyboard */,
				E408B69F205D166F00E937E7 /* Info.plist */,
			);
			path = "Dapur Coklat Indosis";
			sourceTree = "<group>";
		};
		E408B6A7205D166F00E937E7 /* Dapur Coklat IndosisTests */ = {
			isa = PBXGroup;
			children = (
				E408B6A8205D166F00E937E7 /* Dapur_Coklat_IndosisTests.swift */,
				E408B6AA205D166F00E937E7 /* Info.plist */,
			);
			path = "Dapur Coklat IndosisTests";
			sourceTree = "<group>";
		};
/* End PBXGroup section */

/* Begin PBXNativeTarget section */
		E408B68F205D166F00E937E7 /* Dapur Coklat Indosis */ = {
			isa = PBXNativeTarget;
			buildConfigurationList = E408B6AD205D166F00E937E7 /* Build configuration list for PBXNativeTarget "Dapur Coklat Indosis" */;
			buildPhases = (
				704C7A2D1B2E03F6D05BE4ED /* [CP] Check Pods Manifest.lock */,
				E408B68C205D166F00E937E7 /* Sources */,
				E408B68D205D166F00E937E7 /* Frameworks */,
				E408B68E205D166F00E937E7 /* Resources */,
				3C07500CF8BB0D79CA4F359B /* [CP] Embed Pods Frameworks */,
				8E2E969A3DD40B59EFA1F88F /* [CP] Copy Pods Resources */,
			);
			buildRules = (
			);
			dependencies = (
			);
			name = "Dapur Coklat Indosis";
			productName = "Dapur Coklat Indosis";
			productReference = E408B690205D166F00E937E7 /* Dapur Coklat Indosis.app */;
			productType = "com.apple.product-type.application";
		};
		E408B6A3205D166F00E937E7 /* Dapur Coklat IndosisTests */ = {
			isa = PBXNativeTarget;
			buildConfigurationList = E408B6B0205D166F00E937E7 /* Build configuration list for PBXNativeTarget "Dapur Coklat IndosisTests" */;
			buildPhases = (
				5A5969BA21DBA8B037BA6743 /* [CP] Check Pods Manifest.lock */,
				E408B6A0205D166F00E937E7 /* Sources */,
				E408B6A1205D166F00E937E7 /* Frameworks */,
				E408B6A2205D166F00E937E7 /* Resources */,
				60EE0EA725BD64CB797C7EE7 /* [CP] Embed Pods Frameworks */,
				36ECA162074A7C47292C5775 /* [CP] Copy Pods Resources */,
			);
			buildRules = (
			);
			dependencies = (
				E408B6A6205D166F00E937E7 /* PBXTargetDependency */,
			);
			name = "Dapur Coklat IndosisTests";
			productName = "Dapur Coklat IndosisTests";
			productReference = E408B6A4205D166F00E937E7 /* Dapur Coklat IndosisTests.xctest */;
			productType = "com.apple.product-type.bundle.unit-test";
		};
/* End PBXNativeTarget section */

/* Begin PBXProject section */
		E408B688205D166F00E937E7 /* Project object */ = {
			isa = PBXProject;
			attributes = {
				LastSwiftUpdateCheck = 0920;
				LastUpgradeCheck = 0920;
				ORGANIZATIONNAME = Indosis;
				TargetAttributes = {
					E408B68F205D166F00E937E7 = {
						CreatedOnToolsVersion = 9.2;
						ProvisioningStyle = Automatic;
					};
					E408B6A3205D166F00E937E7 = {
						CreatedOnToolsVersion = 9.2;
						ProvisioningStyle = Automatic;
						TestTargetID = E408B68F205D166F00E937E7;
					};
				};
			};
			buildConfigurationList = E408B68B205D166F00E937E7 /* Build configuration list for PBXProject "Dapur Coklat Indosis" */;
			compatibilityVersion = "Xcode 8.0";
			developmentRegion = en;
			hasScannedForEncodings = 0;
			knownRegions = (
				en,
				Base,
			);
			mainGroup = E408B687205D166F00E937E7;
			productRefGroup = E408B691205D166F00E937E7 /* Products */;
			projectDirPath = "";
			projectRoot = "";
			targets = (
				E408B68F205D166F00E937E7 /* Dapur Coklat Indosis */,
				E408B6A3205D166F00E937E7 /* Dapur Coklat IndosisTests */,
			);
		};
/* End PBXProject section */

/* Begin PBXResourcesBuildPhase section */
		E408B68E205D166F00E937E7 /* Resources */ = {
			isa = PBXResourcesBuildPhase;
			buildActionMask = 2147483647;
			files = (
				E408B69E205D166F00E937E7 /* LaunchScreen.storyboard in Resources */,
				E408B69B205D166F00E937E7 /* Assets.xcassets in Resources */,
				E408B699205D166F00E937E7 /* Main.storyboard in Resources */,
			);
			runOnlyForDeploymentPostprocessing = 0;
		};
		E408B6A2205D166F00E937E7 /* Resources */ = {
			isa = PBXResourcesBuildPhase;
			buildActionMask = 2147483647;
			files = (
			);
			runOnlyForDeploymentPostprocessing = 0;
		};
/* End PBXResourcesBuildPhase section */

/* Begin PBXShellScriptBuildPhase section */
		36ECA162074A7C47292C5775 /* [CP] Copy Pods Resources */ = {
			isa = PBXShellScriptBuildPhase;
			buildActionMask = 2147483647;
			files = (
			);
			inputPaths = (
			);
			name = "[CP] Copy Pods Resources";
			outputPaths = (
			);
			runOnlyForDeploymentPostprocessing = 0;
			shellPath = /bin/sh;
			shellScript = "\"${SRCROOT}/Pods/Target Support Files/Pods-Dapur Coklat IndosisTests/Pods-Dapur Coklat IndosisTests-resources.sh\"\n";
			showEnvVarsInLog = 0;
		};
		3C07500CF8BB0D79CA4F359B /* [CP] Embed Pods Frameworks */ = {
			isa = PBXShellScriptBuildPhase;
			buildActionMask = 2147483647;
			files = (
			);
			inputPaths = (
				"${SRCROOT}/Pods/Target Support Files/Pods-Dapur Coklat Indosis/Pods-Dapur Coklat Indosis-frameworks.sh",
				"${BUILT_PRODUCTS_DIR}/AFNetworking/AFNetworking.framework",
				"${BUILT_PRODUCTS_DIR}/Alamofire/Alamofire.framework",
				"${BUILT_PRODUCTS_DIR}/AlamofireImage/AlamofireImage.framework",
				"${BUILT_PRODUCTS_DIR}/Graph/Graph.framework",
				"${BUILT_PRODUCTS_DIR}/ImageSlideshow/ImageSlideshow.framework",
				"${BUILT_PRODUCTS_DIR}/Kingfisher/Kingfisher.framework",
				"${BUILT_PRODUCTS_DIR}/Material/Material.framework",
				"${BUILT_PRODUCTS_DIR}/Motion/Motion.framework",
				"${BUILT_PRODUCTS_DIR}/SDWebImage/SDWebImage.framework",
				"${BUILT_PRODUCTS_DIR}/SideMenu/SideMenu.framework",
				"${BUILT_PRODUCTS_DIR}/SwiftyJSON/SwiftyJSON.framework",
				"${BUILT_PRODUCTS_DIR}/Toast-Swift/Toast_Swift.framework",
			);
			name = "[CP] Embed Pods Frameworks";
			outputPaths = (
				"${TARGET_BUILD_DIR}/${FRAMEWORKS_FOLDER_PATH}/AFNetworking.framework",
				"${TARGET_BUILD_DIR}/${FRAMEWORKS_FOLDER_PATH}/Alamofire.framework",
				"${TARGET_BUILD_DIR}/${FRAMEWORKS_FOLDER_PATH}/AlamofireImage.framework",
				"${TARGET_BUILD_DIR}/${FRAMEWORKS_FOLDER_PATH}/Graph.framework",
				"${TARGET_BUILD_DIR}/${FRAMEWORKS_FOLDER_PATH}/ImageSlideshow.framework",
				"${TARGET_BUILD_DIR}/${FRAMEWORKS_FOLDER_PATH}/Kingfisher.framework",
				"${TARGET_BUILD_DIR}/${FRAMEWORKS_FOLDER_PATH}/Material.framework",
				"${TARGET_BUILD_DIR}/${FRAMEWORKS_FOLDER_PATH}/Motion.framework",
				"${TARGET_BUILD_DIR}/${FRAMEWORKS_FOLDER_PATH}/SDWebImage.framework",
				"${TARGET_BUILD_DIR}/${FRAMEWORKS_FOLDER_PATH}/SideMenu.framework",
				"${TARGET_BUILD_DIR}/${FRAMEWORKS_FOLDER_PATH}/SwiftyJSON.framework",
				"${TARGET_BUILD_DIR}/${FRAMEWORKS_FOLDER_PATH}/Toast_Swift.framework",
			);
			runOnlyForDeploymentPostprocessing = 0;
			shellPath = /bin/sh;
			shellScript = "\"${SRCROOT}/Pods/Target Support Files/Pods-Dapur Coklat Indosis/Pods-Dapur Coklat Indosis-frameworks.sh\"\n";
			showEnvVarsInLog = 0;
		};
		5A5969BA21DBA8B037BA6743 /* [CP] Check Pods Manifest.lock */ = {
			isa = PBXShellScriptBuildPhase;
			buildActionMask = 2147483647;
			files = (
			);
			inputPaths = (
				"${PODS_PODFILE_DIR_PATH}/Podfile.lock",
				"${PODS_ROOT}/Manifest.lock",
			);
			name = "[CP] Check Pods Manifest.lock";
			outputPaths = (
				"$(DERIVED_FILE_DIR)/Pods-Dapur Coklat IndosisTests-checkManifestLockResult.txt",
			);
			runOnlyForDeploymentPostprocessing = 0;
			shellPath = /bin/sh;
			shellScript = "diff \"${PODS_PODFILE_DIR_PATH}/Podfile.lock\" \"${PODS_ROOT}/Manifest.lock\" > /dev/null\nif [ $? != 0 ] ; then\n    # print error to STDERR\n    echo \"error: The sandbox is not in sync with the Podfile.lock. Run 'pod install' or update your CocoaPods installation.\" >&2\n    exit 1\nfi\n# This output is used by Xcode 'outputs' to avoid re-running this script phase.\necho \"SUCCESS\" > \"${SCRIPT_OUTPUT_FILE_0}\"\n";
			showEnvVarsInLog = 0;
		};
		60EE0EA725BD64CB797C7EE7 /* [CP] Embed Pods Frameworks */ = {
			isa = PBXShellScriptBuildPhase;
			buildActionMask = 2147483647;
			files = (
			);
			inputPaths = (
			);
			name = "[CP] Embed Pods Frameworks";
			outputPaths = (
			);
			runOnlyForDeploymentPostprocessing = 0;
			shellPath = /bin/sh;
			shellScript = "\"${SRCROOT}/Pods/Target Support Files/Pods-Dapur Coklat IndosisTests/Pods-Dapur Coklat IndosisTests-frameworks.sh\"\n";
			showEnvVarsInLog = 0;
		};
		704C7A2D1B2E03F6D05BE4ED /* [CP] Check Pods Manifest.lock */ = {
			isa = PBXShellScriptBuildPhase;
			buildActionMask = 2147483647;
			files = (
			);
			inputPaths = (
				"${PODS_PODFILE_DIR_PATH}/Podfile.lock",
				"${PODS_ROOT}/Manifest.lock",
			);
			name = "[CP] Check Pods Manifest.lock";
			outputPaths = (
				"$(DERIVED_FILE_DIR)/Pods-Dapur Coklat Indosis-checkManifestLockResult.txt",
			);
			runOnlyForDeploymentPostprocessing = 0;
			shellPath = /bin/sh;
			shellScript = "diff \"${PODS_PODFILE_DIR_PATH}/Podfile.lock\" \"${PODS_ROOT}/Manifest.lock\" > /dev/null\nif [ $? != 0 ] ; then\n    # print error to STDERR\n    echo \"error: The sandbox is not in sync with the Podfile.lock. Run 'pod install' or update your CocoaPods installation.\" >&2\n    exit 1\nfi\n# This output is used by Xcode 'outputs' to avoid re-running this script phase.\necho \"SUCCESS\" > \"${SCRIPT_OUTPUT_FILE_0}\"\n";
			showEnvVarsInLog = 0;
		};
		8E2E969A3DD40B59EFA1F88F /* [CP] Copy Pods Resources */ = {
			isa = PBXShellScriptBuildPhase;
			buildActionMask = 2147483647;
			files = (
			);
			inputPaths = (
			);
			name = "[CP] Copy Pods Resources";
			outputPaths = (
			);
			runOnlyForDeploymentPostprocessing = 0;
			shellPath = /bin/sh;
			shellScript = "\"${SRCROOT}/Pods/Target Support Files/Pods-Dapur Coklat Indosis/Pods-Dapur Coklat Indosis-resources.sh\"\n";
			showEnvVarsInLog = 0;
		};
/* End PBXShellScriptBuildPhase section */

/* Begin PBXSourcesBuildPhase section */
		E408B68C205D166F00E937E7 /* Sources */ = {
			isa = PBXSourcesBuildPhase;
			buildActionMask = 2147483647;
			files = (
				E436246A20608B7E00CF2AE7 /* UIImageView.swift in Sources */,
				E4362468206085C000CF2AE7 /* SideMenuControllerViewController.swift in Sources */,
				E4AFEF83205D1C8A0066A58E /* APIManager.swift in Sources */,
				E408B696205D166F00E937E7 /* ViewController.swift in Sources */,
				E408B694205D166F00E937E7 /* AppDelegate.swift in Sources */,
				E4FC565C205E27F1002732FC /* CakeCategoryTableViewCell.swift in Sources */,
				E436246C2060903400CF2AE7 /* SideMenuTableViewCell.swift in Sources */,
				E4952AE6205DAA6100622300 /* MainViewController.swift in Sources */,
				E4FC565E205E2C75002732FC /* CakeCategoryTableViewController.swift in Sources */,
			);
			runOnlyForDeploymentPostprocessing = 0;
		};
		E408B6A0205D166F00E937E7 /* Sources */ = {
			isa = PBXSourcesBuildPhase;
			buildActionMask = 2147483647;
			files = (
				E408B6A9205D166F00E937E7 /* Dapur_Coklat_IndosisTests.swift in Sources */,
			);
			runOnlyForDeploymentPostprocessing = 0;
		};
/* End PBXSourcesBuildPhase section */

/* Begin PBXTargetDependency section */
		E408B6A6205D166F00E937E7 /* PBXTargetDependency */ = {
			isa = PBXTargetDependency;
			target = E408B68F205D166F00E937E7 /* Dapur Coklat Indosis */;
			targetProxy = E408B6A5205D166F00E937E7 /* PBXContainerItemProxy */;
		};
/* End PBXTargetDependency section */

/* Begin PBXVariantGroup section */
		E408B697205D166F00E937E7 /* Main.storyboard */ = {
			isa = PBXVariantGroup;
			children = (
				E408B698205D166F00E937E7 /* Base */,
			);
			name = Main.storyboard;
			sourceTree = "<group>";
		};
		E408B69C205D166F00E937E7 /* LaunchScreen.storyboard */ = {
			isa = PBXVariantGroup;
			children = (
				E408B69D205D166F00E937E7 /* Base */,
			);
			name = LaunchScreen.storyboard;
			sourceTree = "<group>";
		};
/* End PBXVariantGroup section */

/* Begin XCBuildConfiguration section */
		E408B6AB205D166F00E937E7 /* Debug */ = {
			isa = XCBuildConfiguration;
			buildSettings = {
				ALWAYS_SEARCH_USER_PATHS = NO;
				CLANG_ANALYZER_NONNULL = YES;
				CLANG_ANALYZER_NUMBER_OBJECT_CONVERSION = YES_AGGRESSIVE;
				CLANG_CXX_LANGUAGE_STANDARD = "gnu++14";
				CLANG_CXX_LIBRARY = "libc++";
				CLANG_ENABLE_MODULES = YES;
				CLANG_ENABLE_OBJC_ARC = YES;
				CLANG_WARN_BLOCK_CAPTURE_AUTORELEASING = YES;
				CLANG_WARN_BOOL_CONVERSION = YES;
				CLANG_WARN_COMMA = YES;
				CLANG_WARN_CONSTANT_CONVERSION = YES;
				CLANG_WARN_DIRECT_OBJC_ISA_USAGE = YES_ERROR;
				CLANG_WARN_DOCUMENTATION_COMMENTS = YES;
				CLANG_WARN_EMPTY_BODY = YES;
				CLANG_WARN_ENUM_CONVERSION = YES;
				CLANG_WARN_INFINITE_RECURSION = YES;
				CLANG_WARN_INT_CONVERSION = YES;
				CLANG_WARN_NON_LITERAL_NULL_CONVERSION = YES;
				CLANG_WARN_OBJC_LITERAL_CONVERSION = YES;
				CLANG_WARN_OBJC_ROOT_CLASS = YES_ERROR;
				CLANG_WARN_RANGE_LOOP_ANALYSIS = YES;
				CLANG_WARN_STRICT_PROTOTYPES = YES;
				CLANG_WARN_SUSPICIOUS_MOVE = YES;
				CLANG_WARN_UNGUARDED_AVAILABILITY = YES_AGGRESSIVE;
				CLANG_WARN_UNREACHABLE_CODE = YES;
				CLANG_WARN__DUPLICATE_METHOD_MATCH = YES;
				CODE_SIGN_IDENTITY = "iPhone Developer";
				COPY_PHASE_STRIP = NO;
				DEBUG_INFORMATION_FORMAT = dwarf;
				ENABLE_STRICT_OBJC_MSGSEND = YES;
				ENABLE_TESTABILITY = YES;
				GCC_C_LANGUAGE_STANDARD = gnu11;
				GCC_DYNAMIC_NO_PIC = NO;
				GCC_NO_COMMON_BLOCKS = YES;
				GCC_OPTIMIZATION_LEVEL = 0;
				GCC_PREPROCESSOR_DEFINITIONS = (
					"DEBUG=1",
					"$(inherited)",
				);
				GCC_WARN_64_TO_32_BIT_CONVERSION = YES;
				GCC_WARN_ABOUT_RETURN_TYPE = YES_ERROR;
				GCC_WARN_UNDECLARED_SELECTOR = YES;
				GCC_WARN_UNINITIALIZED_AUTOS = YES_AGGRESSIVE;
				GCC_WARN_UNUSED_FUNCTION = YES;
				GCC_WARN_UNUSED_VARIABLE = YES;
				IPHONEOS_DEPLOYMENT_TARGET = 11.2;
				MTL_ENABLE_DEBUG_INFO = YES;
				ONLY_ACTIVE_ARCH = YES;
				SDKROOT = iphoneos;
				SWIFT_ACTIVE_COMPILATION_CONDITIONS = DEBUG;
				SWIFT_OPTIMIZATION_LEVEL = "-Onone";
			};
			name = Debug;
		};
		E408B6AC205D166F00E937E7 /* Release */ = {
			isa = XCBuildConfiguration;
			buildSettings = {
				ALWAYS_SEARCH_USER_PATHS = NO;
				CLANG_ANALYZER_NONNULL = YES;
				CLANG_ANALYZER_NUMBER_OBJECT_CONVERSION = YES_AGGRESSIVE;
				CLANG_CXX_LANGUAGE_STANDARD = "gnu++14";
				CLANG_CXX_LIBRARY = "libc++";
				CLANG_ENABLE_MODULES = YES;
				CLANG_ENABLE_OBJC_ARC = YES;
				CLANG_WARN_BLOCK_CAPTURE_AUTORELEASING = YES;
				CLANG_WARN_BOOL_CONVERSION = YES;
				CLANG_WARN_COMMA = YES;
				CLANG_WARN_CONSTANT_CONVERSION = YES;
				CLANG_WARN_DIRECT_OBJC_ISA_USAGE = YES_ERROR;
				CLANG_WARN_DOCUMENTATION_COMMENTS = YES;
				CLANG_WARN_EMPTY_BODY = YES;
				CLANG_WARN_ENUM_CONVERSION = YES;
				CLANG_WARN_INFINITE_RECURSION = YES;
				CLANG_WARN_INT_CONVERSION = YES;
				CLANG_WARN_NON_LITERAL_NULL_CONVERSION = YES;
				CLANG_WARN_OBJC_LITERAL_CONVERSION = YES;
				CLANG_WARN_OBJC_ROOT_CLASS = YES_ERROR;
				CLANG_WARN_RANGE_LOOP_ANALYSIS = YES;
				CLANG_WARN_STRICT_PROTOTYPES = YES;
				CLANG_WARN_SUSPICIOUS_MOVE = YES;
				CLANG_WARN_UNGUARDED_AVAILABILITY = YES_AGGRESSIVE;
				CLANG_WARN_UNREACHABLE_CODE = YES;
				CLANG_WARN__DUPLICATE_METHOD_MATCH = YES;
				CODE_SIGN_IDENTITY = "iPhone Developer";
				COPY_PHASE_STRIP = NO;
				DEBUG_INFORMATION_FORMAT = "dwarf-with-dsym";
				ENABLE_NS_ASSERTIONS = NO;
				ENABLE_STRICT_OBJC_MSGSEND = YES;
				GCC_C_LANGUAGE_STANDARD = gnu11;
				GCC_NO_COMMON_BLOCKS = YES;
				GCC_WARN_64_TO_32_BIT_CONVERSION = YES;
				GCC_WARN_ABOUT_RETURN_TYPE = YES_ERROR;
				GCC_WARN_UNDECLARED_SELECTOR = YES;
				GCC_WARN_UNINITIALIZED_AUTOS = YES_AGGRESSIVE;
				GCC_WARN_UNUSED_FUNCTION = YES;
				GCC_WARN_UNUSED_VARIABLE = YES;
				IPHONEOS_DEPLOYMENT_TARGET = 11.2;
				MTL_ENABLE_DEBUG_INFO = NO;
				SDKROOT = iphoneos;
				SWIFT_OPTIMIZATION_LEVEL = "-Owholemodule";
				VALIDATE_PRODUCT = YES;
			};
			name = Release;
		};
		E408B6AE205D166F00E937E7 /* Debug */ = {
			isa = XCBuildConfiguration;
			baseConfigurationReference = 070E5F7AECB35A9FA30E2CC1 /* Pods-Dapur Coklat Indosis.debug.xcconfig */;
			buildSettings = {
				ASSETCATALOG_COMPILER_APPICON_NAME = AppIcon;
				CODE_SIGN_STYLE = Automatic;
				DEVELOPMENT_TEAM = TD875NW2C5;
				INFOPLIST_FILE = "Dapur Coklat Indosis/Info.plist";
				LD_RUNPATH_SEARCH_PATHS = "$(inherited) @executable_path/Frameworks";
				PRODUCT_BUNDLE_IDENTIFIER = "com.danztensai.dapurcoklat.Dapur-Coklat-Indosis";
				PRODUCT_NAME = "$(TARGET_NAME)";
				SWIFT_VERSION = 4.0;
				TARGETED_DEVICE_FAMILY = "1,2";
			};
			name = Debug;
		};
		E408B6AF205D166F00E937E7 /* Release */ = {
			isa = XCBuildConfiguration;
			baseConfigurationReference = BF9C38C7DA7057AE841D17F5 /* Pods-Dapur Coklat Indosis.release.xcconfig */;
			buildSettings = {
				ASSETCATALOG_COMPILER_APPICON_NAME = AppIcon;
				CODE_SIGN_STYLE = Automatic;
				DEVELOPMENT_TEAM = TD875NW2C5;
				INFOPLIST_FILE = "Dapur Coklat Indosis/Info.plist";
				LD_RUNPATH_SEARCH_PATHS = "$(inherited) @executable_path/Frameworks";
				PRODUCT_BUNDLE_IDENTIFIER = "com.danztensai.dapurcoklat.Dapur-Coklat-Indosis";
				PRODUCT_NAME = "$(TARGET_NAME)";
				SWIFT_VERSION = 4.0;
				TARGETED_DEVICE_FAMILY = "1,2";
			};
			name = Release;
		};
		E408B6B1205D166F00E937E7 /* Debug */ = {
			isa = XCBuildConfiguration;
			baseConfigurationReference = F433A4B4BE4FF76C5758AD31 /* Pods-Dapur Coklat IndosisTests.debug.xcconfig */;
			buildSettings = {
				ALWAYS_EMBED_SWIFT_STANDARD_LIBRARIES = YES;
				BUNDLE_LOADER = "$(TEST_HOST)";
				CODE_SIGN_STYLE = Automatic;
				DEVELOPMENT_TEAM = TD875NW2C5;
				INFOPLIST_FILE = "Dapur Coklat IndosisTests/Info.plist";
				LD_RUNPATH_SEARCH_PATHS = "$(inherited) @executable_path/Frameworks @loader_path/Frameworks";
				PRODUCT_BUNDLE_IDENTIFIER = "com.danztensai.dapurcoklat.Dapur-Coklat-IndosisTests";
				PRODUCT_NAME = "$(TARGET_NAME)";
				SWIFT_VERSION = 4.0;
				TARGETED_DEVICE_FAMILY = "1,2";
				TEST_HOST = "$(BUILT_PRODUCTS_DIR)/Dapur Coklat Indosis.app/Dapur Coklat Indosis";
			};
			name = Debug;
		};
		E408B6B2205D166F00E937E7 /* Release */ = {
			isa = XCBuildConfiguration;
			baseConfigurationReference = 28144E6AB109E83C58ED27D2 /* Pods-Dapur Coklat IndosisTests.release.xcconfig */;
			buildSettings = {
				ALWAYS_EMBED_SWIFT_STANDARD_LIBRARIES = YES;
				BUNDLE_LOADER = "$(TEST_HOST)";
				CODE_SIGN_STYLE = Automatic;
				DEVELOPMENT_TEAM = TD875NW2C5;
				INFOPLIST_FILE = "Dapur Coklat IndosisTests/Info.plist";
				LD_RUNPATH_SEARCH_PATHS = "$(inherited) @executable_path/Frameworks @loader_path/Frameworks";
				PRODUCT_BUNDLE_IDENTIFIER = "com.danztensai.dapurcoklat.Dapur-Coklat-IndosisTests";
				PRODUCT_NAME = "$(TARGET_NAME)";
				SWIFT_VERSION = 4.0;
				TARGETED_DEVICE_FAMILY = "1,2";
				TEST_HOST = "$(BUILT_PRODUCTS_DIR)/Dapur Coklat Indosis.app/Dapur Coklat Indosis";
			};
			name = Release;
		};
/* End XCBuildConfiguration section */

/* Begin XCConfigurationList section */
		E408B68B205D166F00E937E7 /* Build configuration list for PBXProject "Dapur Coklat Indosis" */ = {
			isa = XCConfigurationList;
			buildConfigurations = (
				E408B6AB205D166F00E937E7 /* Debug */,
				E408B6AC205D166F00E937E7 /* Release */,
			);
			defaultConfigurationIsVisible = 0;
			defaultConfigurationName = Release;
		};
		E408B6AD205D166F00E937E7 /* Build configuration list for PBXNativeTarget "Dapur Coklat Indosis" */ = {
			isa = XCConfigurationList;
			buildConfigurations = (
				E408B6AE205D166F00E937E7 /* Debug */,
				E408B6AF205D166F00E937E7 /* Release */,
			);
			defaultConfigurationIsVisible = 0;
			defaultConfigurationName = Release;
		};
		E408B6B0205D166F00E937E7 /* Build configuration list for PBXNativeTarget "Dapur Coklat IndosisTests" */ = {
			isa = XCConfigurationList;
			buildConfigurations = (
				E408B6B1205D166F00E937E7 /* Debug */,
				E408B6B2205D166F00E937E7 /* Release */,
			);
			defaultConfigurationIsVisible = 0;
			defaultConfigurationName = Release;
		};
/* End XCConfigurationList section */
	};
	rootObject = E408B688205D166F00E937E7 /* Project object */;
}
